
Microsoft Visual Studio Solution File, Format Version 12.00
# Visual Studio 15
VisualStudioVersion = 15.0.26730.10
MinimumVisualStudioVersion = 10.0.40219.1
Project("{9A19103F-16F7-4668-BE54-9A1E7A4F7556}") = "PersonalPrep", "TestInterview1\PersonalPrep.csproj", "{A8588342-82EA-4103-8E46-D4FF4145B677}"
EndProject
Global
	GlobalSection(SolutionConfigurationPlatforms) = preSolution
		Debug|Any CPU = Debug|Any CPU
		Release|Any CPU = Release|Any CPU
	EndGlobalSection
	GlobalSection(ProjectConfigurationPlatforms) = postSolution
		{A8588342-82EA-4103-8E46-D4FF4145B677}.Debug|Any CPU.ActiveCfg = Debug|Any CPU
		{A8588342-82EA-4103-8E46-D4FF4145B677}.Debug|Any CPU.Build.0 = Debug|Any CPU
		{A8588342-82EA-4103-8E46-D4FF4145B677}.Release|Any CPU.ActiveCfg = Release|Any CPU
		{A8588342-82EA-4103-8E46-D4FF4145B677}.Release|Any CPU.Build.0 = Release|Any CPU
	EndGlobalSection
	GlobalSection(SolutionProperties) = preSolution
		HideSolutionNode = FALSE
	EndGlobalSection
	GlobalSection(ExtensibilityGlobals) = postSolution
		SolutionGuid = {7C91201E-043C-43AB-BE2D-A785A8962A05}
	EndGlobalSection
EndGlobal
